
Microsoft Visual Studio Solution File, Format Version 12.00
# Visual Studio Version 17
VisualStudioVersion = 17.3.32929.385
MinimumVisualStudioVersion = 10.0.40219.1
Project("{FAE04EC0-301F-11D3-BF4B-00C04F79EFBC}") = "BlogApp", "BlogApp\BlogApp.csproj", "{5C6322A9-3C7C-4F96-9AAD-8DBE1C54B1EB}"
EndProject
Global
	GlobalSection(SolutionConfigurationPlatforms) = preSolution
		Debug|Any CPU = Debug|Any CPU
		Release|Any CPU = Release|Any CPU
	EndGlobalSection
	GlobalSection(ProjectConfigurationPlatforms) = postSolution
		{5C6322A9-3C7C-4F96-9AAD-8DBE1C54B1EB}.Debug|Any CPU.ActiveCfg = Debug|Any CPU
		{5C6322A9-3C7C-4F96-9AAD-8DBE1C54B1EB}.Debug|Any CPU.Build.0 = Debug|Any CPU
		{5C6322A9-3C7C-4F96-9AAD-8DBE1C54B1EB}.Release|Any CPU.ActiveCfg = Release|Any CPU
		{5C6322A9-3C7C-4F96-9AAD-8DBE1C54B1EB}.Release|Any CPU.Build.0 = Release|Any CPU
	EndGlobalSection
	GlobalSection(SolutionProperties) = preSolution
		HideSolutionNode = FALSE
	EndGlobalSection
	GlobalSection(ExtensibilityGlobals) = postSolution
		SolutionGuid = {7F38F576-6A57-46A7-B52A-3DC7BD20C854}
	EndGlobalSection
EndGlobal
